
Microsoft Visual Studio Solution File, Format Version 12.00
# Visual Studio Version 17
VisualStudioVersion = 17.1.32210.238
MinimumVisualStudioVersion = 10.0.40219.1
Project("{FAE04EC0-301F-11D3-BF4B-00C04F79EFBC}") = "Task1(LOOP)", "Task1(LOOP)\Task1(LOOP).csproj", "{D1D5591C-E8BE-46E6-A98D-06CD389E572B}"
EndProject
Global
	GlobalSection(SolutionConfigurationPlatforms) = preSolution
		Debug|Any CPU = Debug|Any CPU
		Release|Any CPU = Release|Any CPU
	EndGlobalSection
	GlobalSection(ProjectConfigurationPlatforms) = postSolution
		{D1D5591C-E8BE-46E6-A98D-06CD389E572B}.Debug|Any CPU.ActiveCfg = Debug|Any CPU
		{D1D5591C-E8BE-46E6-A98D-06CD389E572B}.Debug|Any CPU.Build.0 = Debug|Any CPU
		{D1D5591C-E8BE-46E6-A98D-06CD389E572B}.Release|Any CPU.ActiveCfg = Release|Any CPU
		{D1D5591C-E8BE-46E6-A98D-06CD389E572B}.Release|Any CPU.Build.0 = Release|Any CPU
	EndGlobalSection
	GlobalSection(SolutionProperties) = preSolution
		HideSolutionNode = FALSE
	EndGlobalSection
	GlobalSection(ExtensibilityGlobals) = postSolution
		SolutionGuid = {1DD8EB9B-6845-4329-AD68-435F2C9D3F98}
	EndGlobalSection
EndGlobal
